// !$*UTF8*$!
{
	archiveVersion = 1;
	classes = {
	};
	objectVersion = 50;
	objects = {

/* Begin PBXBuildFile section */
		4C39A6A2223FB4CD004B6A67 /* AppDelegate.swift in Sources */ = {isa = PBXBuildFile; fileRef = 4C39A6A1223FB4CD004B6A67 /* AppDelegate.swift */; };
		4C39A6A4223FB4CD004B6A67 /* ViewController.swift in Sources */ = {isa = PBXBuildFile; fileRef = 4C39A6A3223FB4CD004B6A67 /* ViewController.swift */; };
		4C39A6A7223FB4CD004B6A67 /* Main.storyboard in Resources */ = {isa = PBXBuildFile; fileRef = 4C39A6A5223FB4CD004B6A67 /* Main.storyboard */; };
		4C39A6AA223FB4CD004B6A67 /* VianFilter.xcdatamodeld in Sources */ = {isa = PBXBuildFile; fileRef = 4C39A6A8223FB4CD004B6A67 /* VianFilter.xcdatamodeld */; };
		4C39A6AC223FB4CE004B6A67 /* Assets.xcassets in Resources */ = {isa = PBXBuildFile; fileRef = 4C39A6AB223FB4CE004B6A67 /* Assets.xcassets */; };
		4C39A6AF223FB4CE004B6A67 /* LaunchScreen.storyboard in Resources */ = {isa = PBXBuildFile; fileRef = 4C39A6AD223FB4CE004B6A67 /* LaunchScreen.storyboard */; };
		4C39A6BA223FB4CE004B6A67 /* VianFilterTests.swift in Sources */ = {isa = PBXBuildFile; fileRef = 4C39A6B9223FB4CE004B6A67 /* VianFilterTests.swift */; };
		4C39A6C5223FB4CE004B6A67 /* VianFilterUITests.swift in Sources */ = {isa = PBXBuildFile; fileRef = 4C39A6C4223FB4CE004B6A67 /* VianFilterUITests.swift */; };
/* End PBXBuildFile section */

/* Begin PBXContainerItemProxy section */
		4C39A6B6223FB4CE004B6A67 /* PBXContainerItemProxy */ = {
			isa = PBXContainerItemProxy;
			containerPortal = 4C39A696223FB4CD004B6A67 /* Project object */;
			proxyType = 1;
			remoteGlobalIDString = 4C39A69D223FB4CD004B6A67;
			remoteInfo = VianFilter;
		};
		4C39A6C1223FB4CE004B6A67 /* PBXContainerItemProxy */ = {
			isa = PBXContainerItemProxy;
			containerPortal = 4C39A696223FB4CD004B6A67 /* Project object */;
			proxyType = 1;
			remoteGlobalIDString = 4C39A69D223FB4CD004B6A67;
			remoteInfo = VianFilter;
		};
/* End PBXContainerItemProxy section */

/* Begin PBXFileReference section */
		4C39A69E223FB4CD004B6A67 /* VianFilter.app */ = {isa = PBXFileReference; explicitFileType = wrapper.application; includeInIndex = 0; path = VianFilter.app; sourceTree = BUILT_PRODUCTS_DIR; };
		4C39A6A1223FB4CD004B6A67 /* AppDelegate.swift */ = {isa = PBXFileReference; lastKnownFileType = sourcecode.swift; path = AppDelegate.swift; sourceTree = "<group>"; };
		4C39A6A3223FB4CD004B6A67 /* ViewController.swift */ = {isa = PBXFileReference; lastKnownFileType = sourcecode.swift; path = ViewController.swift; sourceTree = "<group>"; };
		4C39A6A6223FB4CD004B6A67 /* Base */ = {isa = PBXFileReference; lastKnownFileType = file.storyboard; name = Base; path = Base.lproj/Main.storyboard; sourceTree = "<group>"; };
		4C39A6A9223FB4CD004B6A67 /* VianFilter.xcdatamodel */ = {isa = PBXFileReference; lastKnownFileType = wrapper.xcdatamodel; path = VianFilter.xcdatamodel; sourceTree = "<group>"; };
		4C39A6AB223FB4CE004B6A67 /* Assets.xcassets */ = {isa = PBXFileReference; lastKnownFileType = folder.assetcatalog; path = Assets.xcassets; sourceTree = "<group>"; };
		4C39A6AE223FB4CE004B6A67 /* Base */ = {isa = PBXFileReference; lastKnownFileType = file.storyboard; name = Base; path = Base.lproj/LaunchScreen.storyboard; sourceTree = "<group>"; };
		4C39A6B0223FB4CE004B6A67 /* Info.plist */ = {isa = PBXFileReference; lastKnownFileType = text.plist.xml; path = Info.plist; sourceTree = "<group>"; };
		4C39A6B5223FB4CE004B6A67 /* VianFilterTests.xctest */ = {isa = PBXFileReference; explicitFileType = wrapper.cfbundle; includeInIndex = 0; path = VianFilterTests.xctest; sourceTree = BUILT_PRODUCTS_DIR; };
		4C39A6B9223FB4CE004B6A67 /* VianFilterTests.swift */ = {isa = PBXFileReference; lastKnownFileType = sourcecode.swift; path = VianFilterTests.swift; sourceTree = "<group>"; };
		4C39A6BB223FB4CE004B6A67 /* Info.plist */ = {isa = PBXFileReference; lastKnownFileType = text.plist.xml; path = Info.plist; sourceTree = "<group>"; };
		4C39A6C0223FB4CE004B6A67 /* VianFilterUITests.xctest */ = {isa = PBXFileReference; explicitFileType = wrapper.cfbundle; includeInIndex = 0; path = VianFilterUITests.xctest; sourceTree = BUILT_PRODUCTS_DIR; };
		4C39A6C4223FB4CE004B6A67 /* VianFilterUITests.swift */ = {isa = PBXFileReference; lastKnownFileType = sourcecode.swift; path = VianFilterUITests.swift; sourceTree = "<group>"; };
		4C39A6C6223FB4CE004B6A67 /* Info.plist */ = {isa = PBXFileReference; lastKnownFileType = text.plist.xml; path = Info.plist; sourceTree = "<group>"; };
/* End PBXFileReference section */

/* Begin PBXFrameworksBuildPhase section */
		4C39A69B223FB4CD004B6A67 /* Frameworks */ = {
			isa = PBXFrameworksBuildPhase;
			buildActionMask = 2147483647;
			files = (
			);
			runOnlyForDeploymentPostprocessing = 0;
		};
		4C39A6B2223FB4CE004B6A67 /* Frameworks */ = {
			isa = PBXFrameworksBuildPhase;
			buildActionMask = 2147483647;
			files = (
			);
			runOnlyForDeploymentPostprocessing = 0;
		};
		4C39A6BD223FB4CE004B6A67 /* Frameworks */ = {
			isa = PBXFrameworksBuildPhase;
			buildActionMask = 2147483647;
			files = (
			);
			runOnlyForDeploymentPostprocessing = 0;
		};
/* End PBXFrameworksBuildPhase section */

/* Begin PBXGroup section */
		4C39A695223FB4CD004B6A67 = {
			isa = PBXGroup;
			children = (
				4C39A6A0223FB4CD004B6A67 /* VianFilter */,
				4C39A6B8223FB4CE004B6A67 /* VianFilterTests */,
				4C39A6C3223FB4CE004B6A67 /* VianFilterUITests */,
				4C39A69F223FB4CD004B6A67 /* Products */,
			);
			sourceTree = "<group>";
		};
		4C39A69F223FB4CD004B6A67 /* Products */ = {
			isa = PBXGroup;
			children = (
				4C39A69E223FB4CD004B6A67 /* VianFilter.app */,
				4C39A6B5223FB4CE004B6A67 /* VianFilterTests.xctest */,
				4C39A6C0223FB4CE004B6A67 /* VianFilterUITests.xctest */,
			);
			name = Products;
			sourceTree = "<group>";
		};
		4C39A6A0223FB4CD004B6A67 /* VianFilter */ = {
			isa = PBXGroup;
			children = (
				4C39A6A1223FB4CD004B6A67 /* AppDelegate.swift */,
				4C39A6A3223FB4CD004B6A67 /* ViewController.swift */,
				4C39A6A5223FB4CD004B6A67 /* Main.storyboard */,
				4C39A6AB223FB4CE004B6A67 /* Assets.xcassets */,
				4C39A6AD223FB4CE004B6A67 /* LaunchScreen.storyboard */,
				4C39A6B0223FB4CE004B6A67 /* Info.plist */,
				4C39A6A8223FB4CD004B6A67 /* VianFilter.xcdatamodeld */,
			);
			path = VianFilter;
			sourceTree = "<group>";
		};
		4C39A6B8223FB4CE004B6A67 /* VianFilterTests */ = {
			isa = PBXGroup;
			children = (
				4C39A6B9223FB4CE004B6A67 /* VianFilterTests.swift */,
				4C39A6BB223FB4CE004B6A67 /* Info.plist */,
			);
			path = VianFilterTests;
			sourceTree = "<group>";
		};
		4C39A6C3223FB4CE004B6A67 /* VianFilterUITests */ = {
			isa = PBXGroup;
			children = (
				4C39A6C4223FB4CE004B6A67 /* VianFilterUITests.swift */,
				4C39A6C6223FB4CE004B6A67 /* Info.plist */,
			);
			path = VianFilterUITests;
			sourceTree = "<group>";
		};
/* End PBXGroup section */

/* Begin PBXNativeTarget section */
		4C39A69D223FB4CD004B6A67 /* VianFilter */ = {
			isa = PBXNativeTarget;
			buildConfigurationList = 4C39A6C9223FB4CE004B6A67 /* Build configuration list for PBXNativeTarget "VianFilter" */;
			buildPhases = (
				4C39A69A223FB4CD004B6A67 /* Sources */,
				4C39A69B223FB4CD004B6A67 /* Frameworks */,
				4C39A69C223FB4CD004B6A67 /* Resources */,
			);
			buildRules = (
			);
			dependencies = (
			);
			name = VianFilter;
			productName = VianFilter;
			productReference = 4C39A69E223FB4CD004B6A67 /* VianFilter.app */;
			productType = "com.apple.product-type.application";
		};
		4C39A6B4223FB4CE004B6A67 /* VianFilterTests */ = {
			isa = PBXNativeTarget;
			buildConfigurationList = 4C39A6CC223FB4CE004B6A67 /* Build configuration list for PBXNativeTarget "VianFilterTests" */;
			buildPhases = (
				4C39A6B1223FB4CE004B6A67 /* Sources */,
				4C39A6B2223FB4CE004B6A67 /* Frameworks */,
				4C39A6B3223FB4CE004B6A67 /* Resources */,
			);
			buildRules = (
			);
			dependencies = (
				4C39A6B7223FB4CE004B6A67 /* PBXTargetDependency */,
			);
			name = VianFilterTests;
			productName = VianFilterTests;
			productReference = 4C39A6B5223FB4CE004B6A67 /* VianFilterTests.xctest */;
			productType = "com.apple.product-type.bundle.unit-test";
		};
		4C39A6BF223FB4CE004B6A67 /* VianFilterUITests */ = {
			isa = PBXNativeTarget;
			buildConfigurationList = 4C39A6CF223FB4CE004B6A67 /* Build configuration list for PBXNativeTarget "VianFilterUITests" */;
			buildPhases = (
				4C39A6BC223FB4CE004B6A67 /* Sources */,
				4C39A6BD223FB4CE004B6A67 /* Frameworks */,
				4C39A6BE223FB4CE004B6A67 /* Resources */,
			);
			buildRules = (
			);
			dependencies = (
				4C39A6C2223FB4CE004B6A67 /* PBXTargetDependency */,
			);
			name = VianFilterUITests;
			productName = VianFilterUITests;
			productReference = 4C39A6C0223FB4CE004B6A67 /* VianFilterUITests.xctest */;
			productType = "com.apple.product-type.bundle.ui-testing";
		};
/* End PBXNativeTarget section */

/* Begin PBXProject section */
		4C39A696223FB4CD004B6A67 /* Project object */ = {
			isa = PBXProject;
			attributes = {
				LastSwiftUpdateCheck = 1010;
				LastUpgradeCheck = 1010;
				ORGANIZATIONNAME = vian;
				TargetAttributes = {
					4C39A69D223FB4CD004B6A67 = {
						CreatedOnToolsVersion = 10.1;
					};
					4C39A6B4223FB4CE004B6A67 = {
						CreatedOnToolsVersion = 10.1;
						TestTargetID = 4C39A69D223FB4CD004B6A67;
					};
					4C39A6BF223FB4CE004B6A67 = {
						CreatedOnToolsVersion = 10.1;
						TestTargetID = 4C39A69D223FB4CD004B6A67;
					};
				};
			};
			buildConfigurationList = 4C39A699223FB4CD004B6A67 /* Build configuration list for PBXProject "VianFilter" */;
			compatibilityVersion = "Xcode 9.3";
			developmentRegion = en;
			hasScannedForEncodings = 0;
			knownRegions = (
				en,
				Base,
			);
			mainGroup = 4C39A695223FB4CD004B6A67;
			productRefGroup = 4C39A69F223FB4CD004B6A67 /* Products */;
			projectDirPath = "";
			projectRoot = "";
			targets = (
				4C39A69D223FB4CD004B6A67 /* VianFilter */,
				4C39A6B4223FB4CE004B6A67 /* VianFilterTests */,
				4C39A6BF223FB4CE004B6A67 /* VianFilterUITests */,
			);
		};
/* End PBXProject section */

/* Begin PBXResourcesBuildPhase section */
		4C39A69C223FB4CD004B6A67 /* Resources */ = {
			isa = PBXResourcesBuildPhase;
			buildActionMask = 2147483647;
			files = (
				4C39A6AF223FB4CE004B6A67 /* LaunchScreen.storyboard in Resources */,
				4C39A6AC223FB4CE004B6A67 /* Assets.xcassets in Resources */,
				4C39A6A7223FB4CD004B6A67 /* Main.storyboard in Resources */,
			);
			runOnlyForDeploymentPostprocessing = 0;
		};
		4C39A6B3223FB4CE004B6A67 /* Resources */ = {
			isa = PBXResourcesBuildPhase;
			buildActionMask = 2147483647;
			files = (
			);
			runOnlyForDeploymentPostprocessing = 0;
		};
		4C39A6BE223FB4CE004B6A67 /* Resources */ = {
			isa = PBXResourcesBuildPhase;
			buildActionMask = 2147483647;
			files = (
			);
			runOnlyForDeploymentPostprocessing = 0;
		};
/* End PBXResourcesBuildPhase section */

/* Begin PBXSourcesBuildPhase section */
		4C39A69A223FB4CD004B6A67 /* Sources */ = {
			isa = PBXSourcesBuildPhase;
			buildActionMask = 2147483647;
			files = (
				4C39A6A4223FB4CD004B6A67 /* ViewController.swift in Sources */,
				4C39A6A2223FB4CD004B6A67 /* AppDelegate.swift in Sources */,
				4C39A6AA223FB4CD004B6A67 /* VianFilter.xcdatamodeld in Sources */,
			);
			runOnlyForDeploymentPostprocessing = 0;
		};
		4C39A6B1223FB4CE004B6A67 /* Sources */ = {
			isa = PBXSourcesBuildPhase;
			buildActionMask = 2147483647;
			files = (
				4C39A6BA223FB4CE004B6A67 /* VianFilterTests.swift in Sources */,
			);
			runOnlyForDeploymentPostprocessing = 0;
		};
		4C39A6BC223FB4CE004B6A67 /* Sources */ = {
			isa = PBXSourcesBuildPhase;
			buildActionMask = 2147483647;
			files = (
				4C39A6C5223FB4CE004B6A67 /* VianFilterUITests.swift in Sources */,
			);
			runOnlyForDeploymentPostprocessing = 0;
		};
/* End PBXSourcesBuildPhase section */

/* Begin PBXTargetDependency section */
		4C39A6B7223FB4CE004B6A67 /* PBXTargetDependency */ = {
			isa = PBXTargetDependency;
			target = 4C39A69D223FB4CD004B6A67 /* VianFilter */;
			targetProxy = 4C39A6B6223FB4CE004B6A67 /* PBXContainerItemProxy */;
		};
		4C39A6C2223FB4CE004B6A67 /* PBXTargetDependency */ = {
			isa = PBXTargetDependency;
			target = 4C39A69D223FB4CD004B6A67 /* VianFilter */;
			targetProxy = 4C39A6C1223FB4CE004B6A67 /* PBXContainerItemProxy */;
		};
/* End PBXTargetDependency section */

/* Begin PBXVariantGroup section */
		4C39A6A5223FB4CD004B6A67 /* Main.storyboard */ = {
			isa = PBXVariantGroup;
			children = (
				4C39A6A6223FB4CD004B6A67 /* Base */,
			);
			name = Main.storyboard;
			sourceTree = "<group>";
		};
		4C39A6AD223FB4CE004B6A67 /* LaunchScreen.storyboard */ = {
			isa = PBXVariantGroup;
			children = (
				4C39A6AE223FB4CE004B6A67 /* Base */,
			);
			name = LaunchScreen.storyboard;
			sourceTree = "<group>";
		};
/* End PBXVariantGroup section */

/* Begin XCBuildConfiguration section */
		4C39A6C7223FB4CE004B6A67 /* Debug */ = {
			isa = XCBuildConfiguration;
			buildSettings = {
				ALWAYS_SEARCH_USER_PATHS = NO;
				CLANG_ANALYZER_NONNULL = YES;
				CLANG_ANALYZER_NUMBER_OBJECT_CONVERSION = YES_AGGRESSIVE;
				CLANG_CXX_LANGUAGE_STANDARD = "gnu++14";
				CLANG_CXX_LIBRARY = "libc++";
				CLANG_ENABLE_MODULES = YES;
				CLANG_ENABLE_OBJC_ARC = YES;
				CLANG_ENABLE_OBJC_WEAK = YES;
				CLANG_WARN_BLOCK_CAPTURE_AUTORELEASING = YES;
				CLANG_WARN_BOOL_CONVERSION = YES;
				CLANG_WARN_COMMA = YES;
				CLANG_WARN_CONSTANT_CONVERSION = YES;
				CLANG_WARN_DEPRECATED_OBJC_IMPLEMENTATIONS = YES;
				CLANG_WARN_DIRECT_OBJC_ISA_USAGE = YES_ERROR;
				CLANG_WARN_DOCUMENTATION_COMMENTS = YES;
				CLANG_WARN_EMPTY_BODY = YES;
				CLANG_WARN_ENUM_CONVERSION = YES;
				CLANG_WARN_INFINITE_RECURSION = YES;
				CLANG_WARN_INT_CONVERSION = YES;
				CLANG_WARN_NON_LITERAL_NULL_CONVERSION = YES;
				CLANG_WARN_OBJC_IMPLICIT_RETAIN_SELF = YES;
				CLANG_WARN_OBJC_LITERAL_CONVERSION = YES;
				CLANG_WARN_OBJC_ROOT_CLASS = YES_ERROR;
				CLANG_WARN_RANGE_LOOP_ANALYSIS = YES;
				CLANG_WARN_STRICT_PROTOTYPES = YES;
				CLANG_WARN_SUSPICIOUS_MOVE = YES;
				CLANG_WARN_UNGUARDED_AVAILABILITY = YES_AGGRESSIVE;
				CLANG_WARN_UNREACHABLE_CODE = YES;
				CLANG_WARN__DUPLICATE_METHOD_MATCH = YES;
				CODE_SIGN_IDENTITY = "iPhone Developer";
				COPY_PHASE_STRIP = NO;
				DEBUG_INFORMATION_FORMAT = dwarf;
				ENABLE_STRICT_OBJC_MSGSEND = YES;
				ENABLE_TESTABILITY = YES;
				GCC_C_LANGUAGE_STANDARD = gnu11;
				GCC_DYNAMIC_NO_PIC = NO;
				GCC_NO_COMMON_BLOCKS = YES;
				GCC_OPTIMIZATION_LEVEL = 0;
				GCC_PREPROCESSOR_DEFINITIONS = (
					"DEBUG=1",
					"$(inherited)",
				);
				GCC_WARN_64_TO_32_BIT_CONVERSION = YES;
				GCC_WARN_ABOUT_RETURN_TYPE = YES_ERROR;
				GCC_WARN_UNDECLARED_SELECTOR = YES;
				GCC_WARN_UNINITIALIZED_AUTOS = YES_AGGRESSIVE;
				GCC_WARN_UNUSED_FUNCTION = YES;
				GCC_WARN_UNUSED_VARIABLE = YES;
				IPHONEOS_DEPLOYMENT_TARGET = 12.1;
				MTL_ENABLE_DEBUG_INFO = INCLUDE_SOURCE;
				MTL_FAST_MATH = YES;
				ONLY_ACTIVE_ARCH = YES;
				SDKROOT = iphoneos;
				SWIFT_ACTIVE_COMPILATION_CONDITIONS = DEBUG;
				SWIFT_OPTIMIZATION_LEVEL = "-Onone";
			};
			name = Debug;
		};
		4C39A6C8223FB4CE004B6A67 /* Release */ = {
			isa = XCBuildConfiguration;
			buildSettings = {
				ALWAYS_SEARCH_USER_PATHS = NO;
				CLANG_ANALYZER_NONNULL = YES;
				CLANG_ANALYZER_NUMBER_OBJECT_CONVERSION = YES_AGGRESSIVE;
				CLANG_CXX_LANGUAGE_STANDARD = "gnu++14";
				CLANG_CXX_LIBRARY = "libc++";
				CLANG_ENABLE_MODULES = YES;
				CLANG_ENABLE_OBJC_ARC = YES;
				CLANG_ENABLE_OBJC_WEAK = YES;
				CLANG_WARN_BLOCK_CAPTURE_AUTORELEASING = YES;
				CLANG_WARN_BOOL_CONVERSION = YES;
				CLANG_WARN_COMMA = YES;
				CLANG_WARN_CONSTANT_CONVERSION = YES;
				CLANG_WARN_DEPRECATED_OBJC_IMPLEMENTATIONS = YES;
				CLANG_WARN_DIRECT_OBJC_ISA_USAGE = YES_ERROR;
				CLANG_WARN_DOCUMENTATION_COMMENTS = YES;
				CLANG_WARN_EMPTY_BODY = YES;
				CLANG_WARN_ENUM_CONVERSION = YES;
				CLANG_WARN_INFINITE_RECURSION = YES;
				CLANG_WARN_INT_CONVERSION = YES;
				CLANG_WARN_NON_LITERAL_NULL_CONVERSION = YES;
				CLANG_WARN_OBJC_IMPLICIT_RETAIN_SELF = YES;
				CLANG_WARN_OBJC_LITERAL_CONVERSION = YES;
				CLANG_WARN_OBJC_ROOT_CLASS = YES_ERROR;
				CLANG_WARN_RANGE_LOOP_ANALYSIS = YES;
				CLANG_WARN_STRICT_PROTOTYPES = YES;
				CLANG_WARN_SUSPICIOUS_MOVE = YES;
				CLANG_WARN_UNGUARDED_AVAILABILITY = YES_AGGRESSIVE;
				CLANG_WARN_UNREACHABLE_CODE = YES;
				CLANG_WARN__DUPLICATE_METHOD_MATCH = YES;
				CODE_SIGN_IDENTITY = "iPhone Developer";
				COPY_PHASE_STRIP = NO;
				DEBUG_INFORMATION_FORMAT = "dwarf-with-dsym";
				ENABLE_NS_ASSERTIONS = NO;
				ENABLE_STRICT_OBJC_MSGSEND = YES;
				GCC_C_LANGUAGE_STANDARD = gnu11;
				GCC_NO_COMMON_BLOCKS = YES;
				GCC_WARN_64_TO_32_BIT_CONVERSION = YES;
				GCC_WARN_ABOUT_RETURN_TYPE = YES_ERROR;
				GCC_WARN_UNDECLARED_SELECTOR = YES;
				GCC_WARN_UNINITIALIZED_AUTOS = YES_AGGRESSIVE;
				GCC_WARN_UNUSED_FUNCTION = YES;
				GCC_WARN_UNUSED_VARIABLE = YES;
				IPHONEOS_DEPLOYMENT_TARGET = 12.1;
				MTL_ENABLE_DEBUG_INFO = NO;
				MTL_FAST_MATH = YES;
				SDKROOT = iphoneos;
				SWIFT_COMPILATION_MODE = wholemodule;
				SWIFT_OPTIMIZATION_LEVEL = "-O";
				VALIDATE_PRODUCT = YES;
			};
			name = Release;
		};
		4C39A6CA223FB4CE004B6A67 /* Debug */ = {
			isa = XCBuildConfiguration;
			buildSettings = {
				ASSETCATALOG_COMPILER_APPICON_NAME = AppIcon;
				CODE_SIGN_STYLE = Automatic;
				DEVELOPMENT_TEAM = MJWMGRS9MY;
				INFOPLIST_FILE = VianFilter/Info.plist;
				LD_RUNPATH_SEARCH_PATHS = (
					"$(inherited)",
					"@executable_path/Frameworks",
				);
				PRODUCT_BUNDLE_IDENTIFIER = vianney.VianFilter;
				PRODUCT_NAME = "$(TARGET_NAME)";
				SWIFT_VERSION = 4.2;
				TARGETED_DEVICE_FAMILY = "1,2";
			};
			name = Debug;
		};
		4C39A6CB223FB4CE004B6A67 /* Release */ = {
			isa = XCBuildConfiguration;
			buildSettings = {
				ASSETCATALOG_COMPILER_APPICON_NAME = AppIcon;
				CODE_SIGN_STYLE = Automatic;
				DEVELOPMENT_TEAM = MJWMGRS9MY;
				INFOPLIST_FILE = VianFilter/Info.plist;
				LD_RUNPATH_SEARCH_PATHS = (
					"$(inherited)",
					"@executable_path/Frameworks",
				);
				PRODUCT_BUNDLE_IDENTIFIER = vianney.VianFilter;
				PRODUCT_NAME = "$(TARGET_NAME)";
				SWIFT_VERSION = 4.2;
				TARGETED_DEVICE_FAMILY = "1,2";
			};
			name = Release;
		};
		4C39A6CD223FB4CE004B6A67 /* Debug */ = {
			isa = XCBuildConfiguration;
			buildSettings = {
				ALWAYS_EMBED_SWIFT_STANDARD_LIBRARIES = YES;
				BUNDLE_LOADER = "$(TEST_HOST)";
				CODE_SIGN_STYLE = Automatic;
				DEVELOPMENT_TEAM = MJWMGRS9MY;
				INFOPLIST_FILE = VianFilterTests/Info.plist;
				LD_RUNPATH_SEARCH_PATHS = (
					"$(inherited)",
					"@executable_path/Frameworks",
					"@loader_path/Frameworks",
				);
				PRODUCT_BUNDLE_IDENTIFIER = vianney.VianFilterTests;
				PRODUCT_NAME = "$(TARGET_NAME)";
				SWIFT_VERSION = 4.2;
				TARGETED_DEVICE_FAMILY = "1,2";
				TEST_HOST = "$(BUILT_PRODUCTS_DIR)/VianFilter.app/VianFilter";
			};
			name = Debug;
		};
		4C39A6CE223FB4CE004B6A67 /* Release */ = {
			isa = XCBuildConfiguration;
			buildSettings = {
				ALWAYS_EMBED_SWIFT_STANDARD_LIBRARIES = YES;
				BUNDLE_LOADER = "$(TEST_HOST)";
				CODE_SIGN_STYLE = Automatic;
				DEVELOPMENT_TEAM = MJWMGRS9MY;
				INFOPLIST_FILE = VianFilterTests/Info.plist;
				LD_RUNPATH_SEARCH_PATHS = (
					"$(inherited)",
					"@executable_path/Frameworks",
					"@loader_path/Frameworks",
				);
				PRODUCT_BUNDLE_IDENTIFIER = vianney.VianFilterTests;
				PRODUCT_NAME = "$(TARGET_NAME)";
				SWIFT_VERSION = 4.2;
				TARGETED_DEVICE_FAMILY = "1,2";
				TEST_HOST = "$(BUILT_PRODUCTS_DIR)/VianFilter.app/VianFilter";
			};
			name = Release;
		};
		4C39A6D0223FB4CE004B6A67 /* Debug */ = {
			isa = XCBuildConfiguration;
			buildSettings = {
				ALWAYS_EMBED_SWIFT_STANDARD_LIBRARIES = YES;
				CODE_SIGN_STYLE = Automatic;
				DEVELOPMENT_TEAM = MJWMGRS9MY;
				INFOPLIST_FILE = VianFilterUITests/Info.plist;
				LD_RUNPATH_SEARCH_PATHS = (
					"$(inherited)",
					"@executable_path/Frameworks",
					"@loader_path/Frameworks",
				);
				PRODUCT_BUNDLE_IDENTIFIER = vianney.VianFilterUITests;
				PRODUCT_NAME = "$(TARGET_NAME)";
				SWIFT_VERSION = 4.2;
				TARGETED_DEVICE_FAMILY = "1,2";
				TEST_TARGET_NAME = VianFilter;
			};
			name = Debug;
		};
		4C39A6D1223FB4CE004B6A67 /* Release */ = {
			isa = XCBuildConfiguration;
			buildSettings = {
				ALWAYS_EMBED_SWIFT_STANDARD_LIBRARIES = YES;
				CODE_SIGN_STYLE = Automatic;
				DEVELOPMENT_TEAM = MJWMGRS9MY;
				INFOPLIST_FILE = VianFilterUITests/Info.plist;
				LD_RUNPATH_SEARCH_PATHS = (
					"$(inherited)",
					"@executable_path/Frameworks",
					"@loader_path/Frameworks",
				);
				PRODUCT_BUNDLE_IDENTIFIER = vianney.VianFilterUITests;
				PRODUCT_NAME = "$(TARGET_NAME)";
				SWIFT_VERSION = 4.2;
				TARGETED_DEVICE_FAMILY = "1,2";
				TEST_TARGET_NAME = VianFilter;
			};
			name = Release;
		};
/* End XCBuildConfiguration section */

/* Begin XCConfigurationList section */
		4C39A699223FB4CD004B6A67 /* Build configuration list for PBXProject "VianFilter" */ = {
			isa = XCConfigurationList;
			buildConfigurations = (
				4C39A6C7223FB4CE004B6A67 /* Debug */,
				4C39A6C8223FB4CE004B6A67 /* Release */,
			);
			defaultConfigurationIsVisible = 0;
			defaultConfigurationName = Release;
		};
		4C39A6C9223FB4CE004B6A67 /* Build configuration list for PBXNativeTarget "VianFilter" */ = {
			isa = XCConfigurationList;
			buildConfigurations = (
				4C39A6CA223FB4CE004B6A67 /* Debug */,
				4C39A6CB223FB4CE004B6A67 /* Release */,
			);
			defaultConfigurationIsVisible = 0;
			defaultConfigurationName = Release;
		};
		4C39A6CC223FB4CE004B6A67 /* Build configuration list for PBXNativeTarget "VianFilterTests" */ = {
			isa = XCConfigurationList;
			buildConfigurations = (
				4C39A6CD223FB4CE004B6A67 /* Debug */,
				4C39A6CE223FB4CE004B6A67 /* Release */,
			);
			defaultConfigurationIsVisible = 0;
			defaultConfigurationName = Release;
		};
		4C39A6CF223FB4CE004B6A67 /* Build configuration list for PBXNativeTarget "VianFilterUITests" */ = {
			isa = XCConfigurationList;
			buildConfigurations = (
				4C39A6D0223FB4CE004B6A67 /* Debug */,
				4C39A6D1223FB4CE004B6A67 /* Release */,
			);
			defaultConfigurationIsVisible = 0;
			defaultConfigurationName = Release;
		};
/* End XCConfigurationList section */

/* Begin XCVersionGroup section */
		4C39A6A8223FB4CD004B6A67 /* VianFilter.xcdatamodeld */ = {
			isa = XCVersionGroup;
			children = (
				4C39A6A9223FB4CD004B6A67 /* VianFilter.xcdatamodel */,
			);
			currentVersion = 4C39A6A9223FB4CD004B6A67 /* VianFilter.xcdatamodel */;
			path = VianFilter.xcdatamodeld;
			sourceTree = "<group>";
			versionGroupType = wrapper.xcdatamodel;
		};
/* End XCVersionGroup section */
	};
	rootObject = 4C39A696223FB4CD004B6A67 /* Project object */;
}
